
Microsoft Visual Studio Solution File, Format Version 12.00
# Visual Studio Version 16
VisualStudioVersion = 16.0.31313.79
MinimumVisualStudioVersion = 10.0.40219.1
Project("{FAE04EC0-301F-11D3-BF4B-00C04F79EFBC}") = "Flujo de datos - C2 Ej7", "Flujo de datos - C2 Ej7\Flujo de datos - C2 Ej7.csproj", "{47845EA0-C1D9-4859-8C8E-CE83104713DD}"
EndProject
Global
	GlobalSection(SolutionConfigurationPlatforms) = preSolution
		Debug|Any CPU = Debug|Any CPU
		Release|Any CPU = Release|Any CPU
	EndGlobalSection
	GlobalSection(ProjectConfigurationPlatforms) = postSolution
		{47845EA0-C1D9-4859-8C8E-CE83104713DD}.Debug|Any CPU.ActiveCfg = Debug|Any CPU
		{47845EA0-C1D9-4859-8C8E-CE83104713DD}.Debug|Any CPU.Build.0 = Debug|Any CPU
		{47845EA0-C1D9-4859-8C8E-CE83104713DD}.Release|Any CPU.ActiveCfg = Release|Any CPU
		{47845EA0-C1D9-4859-8C8E-CE83104713DD}.Release|Any CPU.Build.0 = Release|Any CPU
	EndGlobalSection
	GlobalSection(SolutionProperties) = preSolution
		HideSolutionNode = FALSE
	EndGlobalSection
	GlobalSection(ExtensibilityGlobals) = postSolution
		SolutionGuid = {55EB2FC1-B114-4DC5-84CE-D7615559E5E2}
	EndGlobalSection
EndGlobal
